
Microsoft Visual Studio Solution File, Format Version 12.00
# Visual Studio Version 16
VisualStudioVersion = 16.0.30803.129
MinimumVisualStudioVersion = 10.0.40219.1
Project("{9A19103F-16F7-4668-BE54-9A1E7A4F7556}") = "Laboratory", "Laboratory\Laboratory.csproj", "{7B3FC854-C40B-45E0-982B-CB94E45AEC61}"
EndProject
Project("{9A19103F-16F7-4668-BE54-9A1E7A4F7556}") = "ConsoleExcavate", "ConsoleExcavate\ConsoleExcavate.csproj", "{D3BEA032-FD40-4675-B716-6CC4E98D6222}"
EndProject
Project("{9A19103F-16F7-4668-BE54-9A1E7A4F7556}") = "MyLibrary", "MyLibrary\MyLibrary.csproj", "{EA186CA9-C822-4AAA-84D6-FBC6E1A374A0}"
EndProject
Project("{9A19103F-16F7-4668-BE54-9A1E7A4F7556}") = "MyDB", "MyDB\MyDB.csproj", "{15A44B51-A2D4-48C3-9650-387DB84CD0EC}"
EndProject
Project("{2150E333-8FDC-42A3-9474-1A3956D46DE8}") = "CharRoom", "CharRoom", "{46DB6D89-F0E5-4FFD-862A-2314FFDA8261}"
EndProject
Project("{9A19103F-16F7-4668-BE54-9A1E7A4F7556}") = "CharConsole", "ConsoleChar\CharConsole.csproj", "{63D669FC-9B89-49D0-A995-670CF7861F06}"
EndProject
Project("{9A19103F-16F7-4668-BE54-9A1E7A4F7556}") = "CharModule", "CharModule\CharModule.csproj", "{C95D0DC1-229B-4158-87CE-7E3B8DBF2D8F}"
EndProject
Project("{9A19103F-16F7-4668-BE54-9A1E7A4F7556}") = "CharService", "CharService\CharService.csproj", "{DB539CB1-AAF5-48EF-B715-B5E821686687}"
EndProject
Project("{9A19103F-16F7-4668-BE54-9A1E7A4F7556}") = "CharWebApi", "CharWebApi\CharWebApi.csproj", "{2EE3DE9C-BAA4-474E-BAB1-A7A4AF47F650}"
EndProject
Project("{2150E333-8FDC-42A3-9474-1A3956D46DE8}") = "Common", "Common", "{515CCEA2-DE5C-48ED-9738-C6AE8DD2DB6E}"
EndProject
Project("{9A19103F-16F7-4668-BE54-9A1E7A4F7556}") = "CharDB", "CharDB\CharDB.csproj", "{5F4914AA-6F49-4C12-866F-9F77062F79A4}"
EndProject
Project("{FAE04EC0-301F-11D3-BF4B-00C04F79EFBC}") = "CharSimpleWeb", "CharSimpleWeb\CharSimpleWeb.csproj", "{B57FC2FC-E987-4FE5-99EA-BBFC584EE02B}"
EndProject
Project("{2150E333-8FDC-42A3-9474-1A3956D46DE8}") = "OfficeOperation", "OfficeOperation", "{CAA0F4BA-246A-4B9F-9E4E-08C3362B10AD}"
EndProject
Project("{FAE04EC0-301F-11D3-BF4B-00C04F79EFBC}") = "Word.WinForm", "Word.WinForm\Word.WinForm.csproj", "{67DBD455-444E-4006-B423-A4FEA065CACB}"
EndProject
Project("{FAE04EC0-301F-11D3-BF4B-00C04F79EFBC}") = "Word.Services", "Word.Services\Word.Services.csproj", "{538A85B2-2041-41F0-B8C8-C57FE82F5C42}"
EndProject
Global
	GlobalSection(SolutionConfigurationPlatforms) = preSolution
		Debug|Any CPU = Debug|Any CPU
		Release|Any CPU = Release|Any CPU
	EndGlobalSection
	GlobalSection(ProjectConfigurationPlatforms) = postSolution
		{7B3FC854-C40B-45E0-982B-CB94E45AEC61}.Debug|Any CPU.ActiveCfg = Debug|Any CPU
		{7B3FC854-C40B-45E0-982B-CB94E45AEC61}.Debug|Any CPU.Build.0 = Debug|Any CPU
		{7B3FC854-C40B-45E0-982B-CB94E45AEC61}.Release|Any CPU.ActiveCfg = Release|Any CPU
		{7B3FC854-C40B-45E0-982B-CB94E45AEC61}.Release|Any CPU.Build.0 = Release|Any CPU
		{D3BEA032-FD40-4675-B716-6CC4E98D6222}.Debug|Any CPU.ActiveCfg = Debug|Any CPU
		{D3BEA032-FD40-4675-B716-6CC4E98D6222}.Debug|Any CPU.Build.0 = Debug|Any CPU
		{D3BEA032-FD40-4675-B716-6CC4E98D6222}.Release|Any CPU.ActiveCfg = Release|Any CPU
		{D3BEA032-FD40-4675-B716-6CC4E98D6222}.Release|Any CPU.Build.0 = Release|Any CPU
		{EA186CA9-C822-4AAA-84D6-FBC6E1A374A0}.Debug|Any CPU.ActiveCfg = Debug|Any CPU
		{EA186CA9-C822-4AAA-84D6-FBC6E1A374A0}.Debug|Any CPU.Build.0 = Debug|Any CPU
		{EA186CA9-C822-4AAA-84D6-FBC6E1A374A0}.Release|Any CPU.ActiveCfg = Release|Any CPU
		{EA186CA9-C822-4AAA-84D6-FBC6E1A374A0}.Release|Any CPU.Build.0 = Release|Any CPU
		{15A44B51-A2D4-48C3-9650-387DB84CD0EC}.Debug|Any CPU.ActiveCfg = Debug|Any CPU
		{15A44B51-A2D4-48C3-9650-387DB84CD0EC}.Debug|Any CPU.Build.0 = Debug|Any CPU
		{15A44B51-A2D4-48C3-9650-387DB84CD0EC}.Release|Any CPU.ActiveCfg = Release|Any CPU
		{15A44B51-A2D4-48C3-9650-387DB84CD0EC}.Release|Any CPU.Build.0 = Release|Any CPU
		{63D669FC-9B89-49D0-A995-670CF7861F06}.Debug|Any CPU.ActiveCfg = Debug|Any CPU
		{63D669FC-9B89-49D0-A995-670CF7861F06}.Debug|Any CPU.Build.0 = Debug|Any CPU
		{63D669FC-9B89-49D0-A995-670CF7861F06}.Release|Any CPU.ActiveCfg = Release|Any CPU
		{63D669FC-9B89-49D0-A995-670CF7861F06}.Release|Any CPU.Build.0 = Release|Any CPU
		{C95D0DC1-229B-4158-87CE-7E3B8DBF2D8F}.Debug|Any CPU.ActiveCfg = Debug|Any CPU
		{C95D0DC1-229B-4158-87CE-7E3B8DBF2D8F}.Debug|Any CPU.Build.0 = Debug|Any CPU
		{C95D0DC1-229B-4158-87CE-7E3B8DBF2D8F}.Release|Any CPU.ActiveCfg = Release|Any CPU
		{C95D0DC1-229B-4158-87CE-7E3B8DBF2D8F}.Release|Any CPU.Build.0 = Release|Any CPU
		{DB539CB1-AAF5-48EF-B715-B5E821686687}.Debug|Any CPU.ActiveCfg = Debug|Any CPU
		{DB539CB1-AAF5-48EF-B715-B5E821686687}.Debug|Any CPU.Build.0 = Debug|Any CPU
		{DB539CB1-AAF5-48EF-B715-B5E821686687}.Release|Any CPU.ActiveCfg = Release|Any CPU
		{DB539CB1-AAF5-48EF-B715-B5E821686687}.Release|Any CPU.Build.0 = Release|Any CPU
		{2EE3DE9C-BAA4-474E-BAB1-A7A4AF47F650}.Debug|Any CPU.ActiveCfg = Debug|Any CPU
		{2EE3DE9C-BAA4-474E-BAB1-A7A4AF47F650}.Debug|Any CPU.Build.0 = Debug|Any CPU
		{2EE3DE9C-BAA4-474E-BAB1-A7A4AF47F650}.Release|Any CPU.ActiveCfg = Release|Any CPU
		{2EE3DE9C-BAA4-474E-BAB1-A7A4AF47F650}.Release|Any CPU.Build.0 = Release|Any CPU
		{5F4914AA-6F49-4C12-866F-9F77062F79A4}.Debug|Any CPU.ActiveCfg = Debug|Any CPU
		{5F4914AA-6F49-4C12-866F-9F77062F79A4}.Debug|Any CPU.Build.0 = Debug|Any CPU
		{5F4914AA-6F49-4C12-866F-9F77062F79A4}.Release|Any CPU.ActiveCfg = Release|Any CPU
		{5F4914AA-6F49-4C12-866F-9F77062F79A4}.Release|Any CPU.Build.0 = Release|Any CPU
		{B57FC2FC-E987-4FE5-99EA-BBFC584EE02B}.Debug|Any CPU.ActiveCfg = Debug|Any CPU
		{B57FC2FC-E987-4FE5-99EA-BBFC584EE02B}.Debug|Any CPU.Build.0 = Debug|Any CPU
		{B57FC2FC-E987-4FE5-99EA-BBFC584EE02B}.Release|Any CPU.ActiveCfg = Release|Any CPU
		{B57FC2FC-E987-4FE5-99EA-BBFC584EE02B}.Release|Any CPU.Build.0 = Release|Any CPU
		{67DBD455-444E-4006-B423-A4FEA065CACB}.Debug|Any CPU.ActiveCfg = Debug|Any CPU
		{67DBD455-444E-4006-B423-A4FEA065CACB}.Debug|Any CPU.Build.0 = Debug|Any CPU
		{67DBD455-444E-4006-B423-A4FEA065CACB}.Release|Any CPU.ActiveCfg = Release|Any CPU
		{67DBD455-444E-4006-B423-A4FEA065CACB}.Release|Any CPU.Build.0 = Release|Any CPU
		{538A85B2-2041-41F0-B8C8-C57FE82F5C42}.Debug|Any CPU.ActiveCfg = Debug|Any CPU
		{538A85B2-2041-41F0-B8C8-C57FE82F5C42}.Debug|Any CPU.Build.0 = Debug|Any CPU
		{538A85B2-2041-41F0-B8C8-C57FE82F5C42}.Release|Any CPU.ActiveCfg = Release|Any CPU
		{538A85B2-2041-41F0-B8C8-C57FE82F5C42}.Release|Any CPU.Build.0 = Release|Any CPU
	EndGlobalSection
	GlobalSection(SolutionProperties) = preSolution
		HideSolutionNode = FALSE
	EndGlobalSection
	GlobalSection(NestedProjects) = preSolution
		{63D669FC-9B89-49D0-A995-670CF7861F06} = {46DB6D89-F0E5-4FFD-862A-2314FFDA8261}
		{C95D0DC1-229B-4158-87CE-7E3B8DBF2D8F} = {46DB6D89-F0E5-4FFD-862A-2314FFDA8261}
		{DB539CB1-AAF5-48EF-B715-B5E821686687} = {46DB6D89-F0E5-4FFD-862A-2314FFDA8261}
		{2EE3DE9C-BAA4-474E-BAB1-A7A4AF47F650} = {46DB6D89-F0E5-4FFD-862A-2314FFDA8261}
		{5F4914AA-6F49-4C12-866F-9F77062F79A4} = {46DB6D89-F0E5-4FFD-862A-2314FFDA8261}
		{B57FC2FC-E987-4FE5-99EA-BBFC584EE02B} = {46DB6D89-F0E5-4FFD-862A-2314FFDA8261}
		{67DBD455-444E-4006-B423-A4FEA065CACB} = {CAA0F4BA-246A-4B9F-9E4E-08C3362B10AD}
		{538A85B2-2041-41F0-B8C8-C57FE82F5C42} = {CAA0F4BA-246A-4B9F-9E4E-08C3362B10AD}
	EndGlobalSection
	GlobalSection(ExtensibilityGlobals) = postSolution
		SolutionGuid = {AE39D8DF-85B4-483D-88EC-3C3181B329ED}
	EndGlobalSection
EndGlobal
